// !$*UTF8*$!
{
	archiveVersion = 1;
	classes = {
	};
	objectVersion = 50;
	objects = {

/* Begin PBXBuildFile section */
		2225032E265933BF00E24800 /* bi3_frameworkPriv.hpp in Headers */ = {isa = PBXBuildFile; fileRef = 2225032D265933BF00E24800 /* bi3_frameworkPriv.hpp */; };
		22250330265933BF00E24800 /* bi3_framework.cpp in Sources */ = {isa = PBXBuildFile; fileRef = 2225032F265933BF00E24800 /* bi3_framework.cpp */; };
		2225033F2659364200E24800 /* main.cpp in Sources */ = {isa = PBXBuildFile; fileRef = 22358DC92605AE2200507A8E /* main.cpp */; };
		222503402659364800E24800 /* bi3_framework.hpp in Headers */ = {isa = PBXBuildFile; fileRef = 22358DCA2605AF4000507A8E /* bi3_framework.hpp */; };
/* End PBXBuildFile section */

/* Begin PBXCopyFilesBuildPhase section */
		222503362659340800E24800 /* CopyFiles */ = {
			isa = PBXCopyFilesBuildPhase;
			buildActionMask = 2147483647;
			dstPath = /usr/share/man/man1/;
			dstSubfolderSpec = 0;
			files = (
			);
			runOnlyForDeploymentPostprocessing = 1;
		};
/* End PBXCopyFilesBuildPhase section */

/* Begin PBXFileReference section */
		22250329265933BE00E24800 /* libBi3_Framework.a */ = {isa = PBXFileReference; explicitFileType = archive.ar; includeInIndex = 0; path = libBi3_Framework.a; sourceTree = BUILT_PRODUCTS_DIR; };
		2225032D265933BF00E24800 /* bi3_frameworkPriv.hpp */ = {isa = PBXFileReference; lastKnownFileType = sourcecode.cpp.h; path = bi3_frameworkPriv.hpp; sourceTree = "<group>"; };
		2225032F265933BF00E24800 /* bi3_framework.cpp */ = {isa = PBXFileReference; lastKnownFileType = sourcecode.cpp.cpp; path = bi3_framework.cpp; sourceTree = "<group>"; };
		222503382659340800E24800 /* Bi3_demo */ = {isa = PBXFileReference; explicitFileType = "compiled.mach-o.executable"; includeInIndex = 0; path = Bi3_demo; sourceTree = BUILT_PRODUCTS_DIR; };
		2226E69926526F0500F81E32 /* bi3_adminTools.cpp */ = {isa = PBXFileReference; lastKnownFileType = sourcecode.cpp.cpp; path = bi3_adminTools.cpp; sourceTree = "<group>"; };
		2226E69A26526F0500F81E32 /* bi3_adminTools.hpp */ = {isa = PBXFileReference; lastKnownFileType = sourcecode.cpp.h; path = bi3_adminTools.hpp; sourceTree = "<group>"; };
		22358DC726058A5400507A8E /* BIM_objects.cpp */ = {isa = PBXFileReference; lastKnownFileType = sourcecode.cpp.cpp; path = BIM_objects.cpp; sourceTree = "<group>"; };
		22358DC826058A5400507A8E /* BIM_objects.hpp */ = {isa = PBXFileReference; lastKnownFileType = sourcecode.cpp.h; path = BIM_objects.hpp; sourceTree = "<group>"; };
		22358DC92605AE2200507A8E /* main.cpp */ = {isa = PBXFileReference; lastKnownFileType = sourcecode.cpp.cpp; path = main.cpp; sourceTree = "<group>"; };
		22358DCA2605AF4000507A8E /* bi3_framework.hpp */ = {isa = PBXFileReference; lastKnownFileType = sourcecode.cpp.h; path = bi3_framework.hpp; sourceTree = "<group>"; };
		22358DCB2605B26C00507A8E /* bi3_foundationCore.cpp */ = {isa = PBXFileReference; lastKnownFileType = sourcecode.cpp.cpp; path = bi3_foundationCore.cpp; sourceTree = "<group>"; };
		22358DCC2605B26C00507A8E /* bi3_foundationCore.hpp */ = {isa = PBXFileReference; lastKnownFileType = sourcecode.cpp.h; path = bi3_foundationCore.hpp; sourceTree = "<group>"; };
		22358DCE2605BD7300507A8E /* bi3_dataSets.cpp */ = {isa = PBXFileReference; lastKnownFileType = sourcecode.cpp.cpp; path = bi3_dataSets.cpp; sourceTree = "<group>"; };
		22358DCF2605BD7300507A8E /* bi3_dataSets.hpp */ = {isa = PBXFileReference; lastKnownFileType = sourcecode.cpp.h; path = bi3_dataSets.hpp; sourceTree = "<group>"; };
		22358DD02605DAFF00507A8E /* bi3_dataTypes.cpp */ = {isa = PBXFileReference; lastKnownFileType = sourcecode.cpp.cpp; path = bi3_dataTypes.cpp; sourceTree = "<group>"; };
		22358DD12605DAFF00507A8E /* bi3_dataTypes.hpp */ = {isa = PBXFileReference; lastKnownFileType = sourcecode.cpp.h; path = bi3_dataTypes.hpp; sourceTree = "<group>"; };
		2289228C2605773F00E9DCA3 /* bi3_BIMlibrary.cpp */ = {isa = PBXFileReference; lastKnownFileType = sourcecode.cpp.cpp; path = bi3_BIMlibrary.cpp; sourceTree = "<group>"; };
		2289228D2605773F00E9DCA3 /* bi3_BIMlibrary.hpp */ = {isa = PBXFileReference; lastKnownFileType = sourcecode.cpp.h; path = bi3_BIMlibrary.hpp; sourceTree = "<group>"; };
		22892292260578A700E9DCA3 /* bi3_dataComms.cpp */ = {isa = PBXFileReference; lastKnownFileType = sourcecode.cpp.cpp; path = bi3_dataComms.cpp; sourceTree = "<group>"; };
		22892293260578A700E9DCA3 /* bi3_dataComms.hpp */ = {isa = PBXFileReference; lastKnownFileType = sourcecode.cpp.h; path = bi3_dataComms.hpp; sourceTree = "<group>"; };
		2289229526057BE000E9DCA3 /* bi3_dataCapture.cpp */ = {isa = PBXFileReference; lastKnownFileType = sourcecode.cpp.cpp; path = bi3_dataCapture.cpp; sourceTree = "<group>"; };
		2289229626057BE000E9DCA3 /* bi3_dataCapture.hpp */ = {isa = PBXFileReference; lastKnownFileType = sourcecode.cpp.h; path = bi3_dataCapture.hpp; sourceTree = "<group>"; };
		2289229726057D9F00E9DCA3 /* bi3_dataControl.cpp */ = {isa = PBXFileReference; lastKnownFileType = sourcecode.cpp.cpp; path = bi3_dataControl.cpp; sourceTree = "<group>"; };
		2289229826057D9F00E9DCA3 /* bi3_dataControl.hpp */ = {isa = PBXFileReference; lastKnownFileType = sourcecode.cpp.h; path = bi3_dataControl.hpp; sourceTree = "<group>"; };
		2289229926057E1C00E9DCA3 /* bi3_dataAccess.cpp */ = {isa = PBXFileReference; lastKnownFileType = sourcecode.cpp.cpp; path = bi3_dataAccess.cpp; sourceTree = "<group>"; };
		2289229A26057E1C00E9DCA3 /* bi3_dataAccess.hpp */ = {isa = PBXFileReference; lastKnownFileType = sourcecode.cpp.h; path = bi3_dataAccess.hpp; sourceTree = "<group>"; };
		228D8CAD264C8328008EC6CD /* bi3_dataNumbers.cpp */ = {isa = PBXFileReference; lastKnownFileType = sourcecode.cpp.cpp; path = bi3_dataNumbers.cpp; sourceTree = "<group>"; };
		228D8CAE264C8328008EC6CD /* bi3_dataNumbers.hpp */ = {isa = PBXFileReference; lastKnownFileType = sourcecode.cpp.h; path = bi3_dataNumbers.hpp; sourceTree = "<group>"; };
		228D8CAF264C85D9008EC6CD /* bi3_dataTexts.cpp */ = {isa = PBXFileReference; lastKnownFileType = sourcecode.cpp.cpp; path = bi3_dataTexts.cpp; sourceTree = "<group>"; };
		228D8CB0264C85D9008EC6CD /* bi3_dataTexts.hpp */ = {isa = PBXFileReference; lastKnownFileType = sourcecode.cpp.h; path = bi3_dataTexts.hpp; sourceTree = "<group>"; };
		228D8CB1264C86FB008EC6CD /* bi3_dataTimes.cpp */ = {isa = PBXFileReference; lastKnownFileType = sourcecode.cpp.cpp; path = bi3_dataTimes.cpp; sourceTree = "<group>"; };
		228D8CB2264C86FB008EC6CD /* bi3_dataTimes.hpp */ = {isa = PBXFileReference; lastKnownFileType = sourcecode.cpp.h; path = bi3_dataTimes.hpp; sourceTree = "<group>"; };
		228D8CB3264C8EFC008EC6CD /* bi3_dataMaths.cpp */ = {isa = PBXFileReference; lastKnownFileType = sourcecode.cpp.cpp; path = bi3_dataMaths.cpp; sourceTree = "<group>"; };
		228D8CB4264C8EFC008EC6CD /* bi3_dataMaths.hpp */ = {isa = PBXFileReference; lastKnownFileType = sourcecode.cpp.h; path = bi3_dataMaths.hpp; sourceTree = "<group>"; };
		228D8CB5264CD6D9008EC6CD /* bi3_dataLogics.cpp */ = {isa = PBXFileReference; lastKnownFileType = sourcecode.cpp.cpp; path = bi3_dataLogics.cpp; sourceTree = "<group>"; };
		228D8CB6264CD6D9008EC6CD /* bi3_dataLogics.hpp */ = {isa = PBXFileReference; lastKnownFileType = sourcecode.cpp.h; path = bi3_dataLogics.hpp; sourceTree = "<group>"; };
/* End PBXFileReference section */

/* Begin PBXFrameworksBuildPhase section */
		22250327265933BE00E24800 /* Frameworks */ = {
			isa = PBXFrameworksBuildPhase;
			buildActionMask = 2147483647;
			files = (
			);
			runOnlyForDeploymentPostprocessing = 0;
		};
		222503352659340800E24800 /* Frameworks */ = {
			isa = PBXFrameworksBuildPhase;
			buildActionMask = 2147483647;
			files = (
			);
			runOnlyForDeploymentPostprocessing = 0;
		};
/* End PBXFrameworksBuildPhase section */

/* Begin PBXGroup section */
		22358DCD2605BCF900507A8E /* Data_types */ = {
			isa = PBXGroup;
			children = (
				22358DD12605DAFF00507A8E /* bi3_dataTypes.hpp */,
				228D8CAE264C8328008EC6CD /* bi3_dataNumbers.hpp */,
				228D8CB4264C8EFC008EC6CD /* bi3_dataMaths.hpp */,
				228D8CB6264CD6D9008EC6CD /* bi3_dataLogics.hpp */,
				228D8CB0264C85D9008EC6CD /* bi3_dataTexts.hpp */,
				228D8CB2264C86FB008EC6CD /* bi3_dataTimes.hpp */,
				22358DCF2605BD7300507A8E /* bi3_dataSets.hpp */,
			);
			path = Data_types;
			sourceTree = "<group>";
		};
		22892284260575DB00E9DCA3 = {
			isa = PBXGroup;
			children = (
				22358DC92605AE2200507A8E /* main.cpp */,
				2225032F265933BF00E24800 /* bi3_framework.cpp */,
				2225032D265933BF00E24800 /* bi3_frameworkPriv.hpp */,
				22358DCA2605AF4000507A8E /* bi3_framework.hpp */,
				22892291260577A000E9DCA3 /* bi3_accessInterface */,
				228922902605778100E9DCA3 /* bi3_monitorsModule */,
				2289228F2605776A00E9DCA3 /* bi3_trackersModule */,
				2289228E2605774A00E9DCA3 /* bi3_servicesModule */,
				2289228B260576E600E9DCA3 /* bi3_foundationCore */,
				22250329265933BE00E24800 /* libBi3_Framework.a */,
				222503382659340800E24800 /* Bi3_demo */,
			);
			sourceTree = "<group>";
		};
		2289228B260576E600E9DCA3 /* bi3_foundationCore */ = {
			isa = PBXGroup;
			children = (
				228D8CA7264C814E008EC6CD /* src_FC */,
				228D8CAC264C820A008EC6CD /* Admin_tools */,
				22358DCD2605BCF900507A8E /* Data_types */,
				22892294260578C100E9DCA3 /* BIM_library */,
				22358DCC2605B26C00507A8E /* bi3_foundationCore.hpp */,
			);
			path = bi3_foundationCore;
			sourceTree = "<group>";
		};
		2289228E2605774A00E9DCA3 /* bi3_servicesModule */ = {
			isa = PBXGroup;
			children = (
				228D8CAB264C81C9008EC6CD /* src_SM */,
				22892293260578A700E9DCA3 /* bi3_dataComms.hpp */,
			);
			path = bi3_servicesModule;
			sourceTree = "<group>";
		};
		2289228F2605776A00E9DCA3 /* bi3_trackersModule */ = {
			isa = PBXGroup;
			children = (
				228D8CAA264C81B8008EC6CD /* src_TM */,
				2289229626057BE000E9DCA3 /* bi3_dataCapture.hpp */,
			);
			path = bi3_trackersModule;
			sourceTree = "<group>";
		};
		228922902605778100E9DCA3 /* bi3_monitorsModule */ = {
			isa = PBXGroup;
			children = (
				228D8CA9264C81A6008EC6CD /* src_MM */,
				2289229826057D9F00E9DCA3 /* bi3_dataControl.hpp */,
			);
			path = bi3_monitorsModule;
			sourceTree = "<group>";
		};
		22892291260577A000E9DCA3 /* bi3_accessInterface */ = {
			isa = PBXGroup;
			children = (
				228D8CA8264C818D008EC6CD /* src_AI */,
				2289229A26057E1C00E9DCA3 /* bi3_dataAccess.hpp */,
			);
			path = bi3_accessInterface;
			sourceTree = "<group>";
		};
		22892294260578C100E9DCA3 /* BIM_library */ = {
			isa = PBXGroup;
			children = (
				2289228D2605773F00E9DCA3 /* bi3_BIMlibrary.hpp */,
				22358DC826058A5400507A8E /* BIM_objects.hpp */,
			);
			path = BIM_library;
			sourceTree = "<group>";
		};
		228D8CA7264C814E008EC6CD /* src_FC */ = {
			isa = PBXGroup;
			children = (
				22358DCB2605B26C00507A8E /* bi3_foundationCore.cpp */,
				2226E69926526F0500F81E32 /* bi3_adminTools.cpp */,
				228D8CAD264C8328008EC6CD /* bi3_dataNumbers.cpp */,
				228D8CB3264C8EFC008EC6CD /* bi3_dataMaths.cpp */,
				228D8CB5264CD6D9008EC6CD /* bi3_dataLogics.cpp */,
				228D8CAF264C85D9008EC6CD /* bi3_dataTexts.cpp */,
				228D8CB1264C86FB008EC6CD /* bi3_dataTimes.cpp */,
				22358DCE2605BD7300507A8E /* bi3_dataSets.cpp */,
				22358DC726058A5400507A8E /* BIM_objects.cpp */,
				22358DD02605DAFF00507A8E /* bi3_dataTypes.cpp */,
				2289228C2605773F00E9DCA3 /* bi3_BIMlibrary.cpp */,
			);
			path = src_FC;
			sourceTree = "<group>";
		};
		228D8CA8264C818D008EC6CD /* src_AI */ = {
			isa = PBXGroup;
			children = (
				2289229926057E1C00E9DCA3 /* bi3_dataAccess.cpp */,
			);
			path = src_AI;
			sourceTree = "<group>";
		};
		228D8CA9264C81A6008EC6CD /* src_MM */ = {
			isa = PBXGroup;
			children = (
				2289229726057D9F00E9DCA3 /* bi3_dataControl.cpp */,
			);
			path = src_MM;
			sourceTree = "<group>";
		};
		228D8CAA264C81B8008EC6CD /* src_TM */ = {
			isa = PBXGroup;
			children = (
				2289229526057BE000E9DCA3 /* bi3_dataCapture.cpp */,
			);
			path = src_TM;
			sourceTree = "<group>";
		};
		228D8CAB264C81C9008EC6CD /* src_SM */ = {
			isa = PBXGroup;
			children = (
				22892292260578A700E9DCA3 /* bi3_dataComms.cpp */,
			);
			path = src_SM;
			sourceTree = "<group>";
		};
		228D8CAC264C820A008EC6CD /* Admin_tools */ = {
			isa = PBXGroup;
			children = (
				2226E69A26526F0500F81E32 /* bi3_adminTools.hpp */,
			);
			path = Admin_tools;
			sourceTree = "<group>";
		};
/* End PBXGroup section */

/* Begin PBXHeadersBuildPhase section */
		22250325265933BE00E24800 /* Headers */ = {
			isa = PBXHeadersBuildPhase;
			buildActionMask = 2147483647;
			files = (
				222503402659364800E24800 /* bi3_framework.hpp in Headers */,
				2225032E265933BF00E24800 /* bi3_frameworkPriv.hpp in Headers */,
			);
			runOnlyForDeploymentPostprocessing = 0;
		};
/* End PBXHeadersBuildPhase section */

/* Begin PBXNativeTarget section */
		22250328265933BE00E24800 /* Bi3_Framework */ = {
			isa = PBXNativeTarget;
			buildConfigurationList = 22250333265933BF00E24800 /* Build configuration list for PBXNativeTarget "Bi3_Framework" */;
			buildPhases = (
				22250325265933BE00E24800 /* Headers */,
				22250326265933BE00E24800 /* Sources */,
				22250327265933BE00E24800 /* Frameworks */,
			);
			buildRules = (
			);
			dependencies = (
			);
			name = Bi3_Framework;
			productName = Bi3_Framework;
			productReference = 22250329265933BE00E24800 /* libBi3_Framework.a */;
			productType = "com.apple.product-type.library.static";
		};
		222503372659340800E24800 /* Bi3_demo */ = {
			isa = PBXNativeTarget;
			buildConfigurationList = 2225033C2659340800E24800 /* Build configuration list for PBXNativeTarget "Bi3_demo" */;
			buildPhases = (
				222503342659340800E24800 /* Sources */,
				222503352659340800E24800 /* Frameworks */,
				222503362659340800E24800 /* CopyFiles */,
			);
			buildRules = (
			);
			dependencies = (
			);
			name = Bi3_demo;
			productName = Bi3_demo;
			productReference = 222503382659340800E24800 /* Bi3_demo */;
			productType = "com.apple.product-type.tool";
		};
/* End PBXNativeTarget section */

/* Begin PBXProject section */
		22892285260575DB00E9DCA3 /* Project object */ = {
			isa = PBXProject;
			attributes = {
				LastSwiftUpdateCheck = 1030;
				LastUpgradeCheck = 1030;
				TargetAttributes = {
					22250328265933BE00E24800 = {
						CreatedOnToolsVersion = 10.3;
					};
					222503372659340800E24800 = {
						CreatedOnToolsVersion = 10.3;
					};
				};
			};
			buildConfigurationList = 22892288260575DB00E9DCA3 /* Build configuration list for PBXProject "OpenBi3_Framework" */;
			compatibilityVersion = "Xcode 9.3";
			developmentRegion = en;
			hasScannedForEncodings = 0;
			knownRegions = (
				en,
				Base,
			);
			mainGroup = 22892284260575DB00E9DCA3;
			productRefGroup = 22892284260575DB00E9DCA3;
			projectDirPath = "";
			projectRoot = "";
			targets = (
				22250328265933BE00E24800 /* Bi3_Framework */,
				222503372659340800E24800 /* Bi3_demo */,
			);
		};
/* End PBXProject section */

/* Begin PBXSourcesBuildPhase section */
		22250326265933BE00E24800 /* Sources */ = {
			isa = PBXSourcesBuildPhase;
			buildActionMask = 2147483647;
			files = (
				22250330265933BF00E24800 /* bi3_framework.cpp in Sources */,
			);
			runOnlyForDeploymentPostprocessing = 0;
		};
		222503342659340800E24800 /* Sources */ = {
			isa = PBXSourcesBuildPhase;
			buildActionMask = 2147483647;
			files = (
				2225033F2659364200E24800 /* main.cpp in Sources */,
			);
			runOnlyForDeploymentPostprocessing = 0;
		};
/* End PBXSourcesBuildPhase section */

/* Begin XCBuildConfiguration section */
		22250331265933BF00E24800 /* Debug */ = {
			isa = XCBuildConfiguration;
			buildSettings = {
				ALWAYS_SEARCH_USER_PATHS = NO;
				CLANG_ANALYZER_NONNULL = YES;
				CLANG_ANALYZER_NUMBER_OBJECT_CONVERSION = YES_AGGRESSIVE;
				CLANG_CXX_LANGUAGE_STANDARD = "gnu++14";
				CLANG_CXX_LIBRARY = "libc++";
				CLANG_ENABLE_MODULES = YES;
				CLANG_ENABLE_OBJC_ARC = YES;
				CLANG_ENABLE_OBJC_WEAK = YES;
				CLANG_WARN_BLOCK_CAPTURE_AUTORELEASING = YES;
				CLANG_WARN_BOOL_CONVERSION = YES;
				CLANG_WARN_COMMA = YES;
				CLANG_WARN_CONSTANT_CONVERSION = YES;
				CLANG_WARN_DEPRECATED_OBJC_IMPLEMENTATIONS = YES;
				CLANG_WARN_DIRECT_OBJC_ISA_USAGE = YES_ERROR;
				CLANG_WARN_DOCUMENTATION_COMMENTS = YES;
				CLANG_WARN_EMPTY_BODY = YES;
				CLANG_WARN_ENUM_CONVERSION = YES;
				CLANG_WARN_INFINITE_RECURSION = YES;
				CLANG_WARN_INT_CONVERSION = YES;
				CLANG_WARN_NON_LITERAL_NULL_CONVERSION = YES;
				CLANG_WARN_OBJC_IMPLICIT_RETAIN_SELF = YES;
				CLANG_WARN_OBJC_LITERAL_CONVERSION = YES;
				CLANG_WARN_OBJC_ROOT_CLASS = YES_ERROR;
				CLANG_WARN_RANGE_LOOP_ANALYSIS = YES;
				CLANG_WARN_STRICT_PROTOTYPES = YES;
				CLANG_WARN_SUSPICIOUS_MOVE = YES;
				CLANG_WARN_UNGUARDED_AVAILABILITY = YES_AGGRESSIVE;
				CLANG_WARN_UNREACHABLE_CODE = YES;
				CLANG_WARN__DUPLICATE_METHOD_MATCH = YES;
				CODE_SIGN_IDENTITY = "Mac Developer";
				CODE_SIGN_STYLE = Automatic;
				COPY_PHASE_STRIP = NO;
				DEBUG_INFORMATION_FORMAT = dwarf;
				DEVELOPMENT_TEAM = AP5B87D5Y6;
				ENABLE_STRICT_OBJC_MSGSEND = YES;
				ENABLE_TESTABILITY = YES;
				EXECUTABLE_PREFIX = lib;
				GCC_C_LANGUAGE_STANDARD = gnu11;
				GCC_DYNAMIC_NO_PIC = NO;
				GCC_ENABLE_CPP_EXCEPTIONS = YES;
				GCC_ENABLE_CPP_RTTI = YES;
				GCC_NO_COMMON_BLOCKS = YES;
				GCC_OPTIMIZATION_LEVEL = 0;
				GCC_PREPROCESSOR_DEFINITIONS = (
					"DEBUG=1",
					"$(inherited)",
				);
				GCC_WARN_64_TO_32_BIT_CONVERSION = YES;
				GCC_WARN_ABOUT_RETURN_TYPE = YES_ERROR;
				GCC_WARN_UNDECLARED_SELECTOR = YES;
				GCC_WARN_UNINITIALIZED_AUTOS = YES_AGGRESSIVE;
				GCC_WARN_UNUSED_FUNCTION = YES;
				GCC_WARN_UNUSED_VARIABLE = YES;
				MACOSX_DEPLOYMENT_TARGET = 10.13;
				MTL_ENABLE_DEBUG_INFO = INCLUDE_SOURCE;
				MTL_FAST_MATH = YES;
				ONLY_ACTIVE_ARCH = YES;
				PRODUCT_NAME = "$(TARGET_NAME)";
				SDKROOT = macosx;
				SKIP_INSTALL = YES;
			};
			name = Debug;
		};
		22250332265933BF00E24800 /* Release */ = {
			isa = XCBuildConfiguration;
			buildSettings = {
				ALWAYS_SEARCH_USER_PATHS = NO;
				CLANG_ANALYZER_NONNULL = YES;
				CLANG_ANALYZER_NUMBER_OBJECT_CONVERSION = YES_AGGRESSIVE;
				CLANG_CXX_LANGUAGE_STANDARD = "gnu++14";
				CLANG_CXX_LIBRARY = "libc++";
				CLANG_ENABLE_MODULES = YES;
				CLANG_ENABLE_OBJC_ARC = YES;
				CLANG_ENABLE_OBJC_WEAK = YES;
				CLANG_WARN_BLOCK_CAPTURE_AUTORELEASING = YES;
				CLANG_WARN_BOOL_CONVERSION = YES;
				CLANG_WARN_COMMA = YES;
				CLANG_WARN_CONSTANT_CONVERSION = YES;
				CLANG_WARN_DEPRECATED_OBJC_IMPLEMENTATIONS = YES;
				CLANG_WARN_DIRECT_OBJC_ISA_USAGE = YES_ERROR;
				CLANG_WARN_DOCUMENTATION_COMMENTS = YES;
				CLANG_WARN_EMPTY_BODY = YES;
				CLANG_WARN_ENUM_CONVERSION = YES;
				CLANG_WARN_INFINITE_RECURSION = YES;
				CLANG_WARN_INT_CONVERSION = YES;
				CLANG_WARN_NON_LITERAL_NULL_CONVERSION = YES;
				CLANG_WARN_OBJC_IMPLICIT_RETAIN_SELF = YES;
				CLANG_WARN_OBJC_LITERAL_CONVERSION = YES;
				CLANG_WARN_OBJC_ROOT_CLASS = YES_ERROR;
				CLANG_WARN_RANGE_LOOP_ANALYSIS = YES;
				CLANG_WARN_STRICT_PROTOTYPES = YES;
				CLANG_WARN_SUSPICIOUS_MOVE = YES;
				CLANG_WARN_UNGUARDED_AVAILABILITY = YES_AGGRESSIVE;
				CLANG_WARN_UNREACHABLE_CODE = YES;
				CLANG_WARN__DUPLICATE_METHOD_MATCH = YES;
				CODE_SIGN_IDENTITY = "Mac Developer";
				CODE_SIGN_STYLE = Automatic;
				COPY_PHASE_STRIP = NO;
				DEBUG_INFORMATION_FORMAT = "dwarf-with-dsym";
				DEVELOPMENT_TEAM = AP5B87D5Y6;
				ENABLE_NS_ASSERTIONS = NO;
				ENABLE_STRICT_OBJC_MSGSEND = YES;
				EXECUTABLE_PREFIX = lib;
				GCC_C_LANGUAGE_STANDARD = gnu11;
				GCC_ENABLE_CPP_EXCEPTIONS = YES;
				GCC_ENABLE_CPP_RTTI = YES;
				GCC_NO_COMMON_BLOCKS = YES;
				GCC_WARN_64_TO_32_BIT_CONVERSION = YES;
				GCC_WARN_ABOUT_RETURN_TYPE = YES_ERROR;
				GCC_WARN_UNDECLARED_SELECTOR = YES;
				GCC_WARN_UNINITIALIZED_AUTOS = YES_AGGRESSIVE;
				GCC_WARN_UNUSED_FUNCTION = YES;
				GCC_WARN_UNUSED_VARIABLE = YES;
				MACOSX_DEPLOYMENT_TARGET = 10.13;
				MTL_ENABLE_DEBUG_INFO = NO;
				MTL_FAST_MATH = YES;
				PRODUCT_NAME = "$(TARGET_NAME)";
				SDKROOT = macosx;
				SKIP_INSTALL = YES;
			};
			name = Release;
		};
		2225033D2659340800E24800 /* Debug */ = {
			isa = XCBuildConfiguration;
			buildSettings = {
				ALWAYS_SEARCH_USER_PATHS = NO;
				CLANG_ANALYZER_NONNULL = YES;
				CLANG_ANALYZER_NUMBER_OBJECT_CONVERSION = YES_AGGRESSIVE;
				CLANG_CXX_LANGUAGE_STANDARD = "gnu++14";
				CLANG_CXX_LIBRARY = "libc++";
				CLANG_ENABLE_MODULES = YES;
				CLANG_ENABLE_OBJC_ARC = YES;
				CLANG_ENABLE_OBJC_WEAK = YES;
				CLANG_WARN_BLOCK_CAPTURE_AUTORELEASING = YES;
				CLANG_WARN_BOOL_CONVERSION = YES;
				CLANG_WARN_COMMA = YES;
				CLANG_WARN_CONSTANT_CONVERSION = YES;
				CLANG_WARN_DEPRECATED_OBJC_IMPLEMENTATIONS = YES;
				CLANG_WARN_DIRECT_OBJC_ISA_USAGE = YES_ERROR;
				CLANG_WARN_DOCUMENTATION_COMMENTS = YES;
				CLANG_WARN_EMPTY_BODY = YES;
				CLANG_WARN_ENUM_CONVERSION = YES;
				CLANG_WARN_INFINITE_RECURSION = YES;
				CLANG_WARN_INT_CONVERSION = YES;
				CLANG_WARN_NON_LITERAL_NULL_CONVERSION = YES;
				CLANG_WARN_OBJC_IMPLICIT_RETAIN_SELF = YES;
				CLANG_WARN_OBJC_LITERAL_CONVERSION = YES;
				CLANG_WARN_OBJC_ROOT_CLASS = YES_ERROR;
				CLANG_WARN_RANGE_LOOP_ANALYSIS = YES;
				CLANG_WARN_STRICT_PROTOTYPES = YES;
				CLANG_WARN_SUSPICIOUS_MOVE = YES;
				CLANG_WARN_UNGUARDED_AVAILABILITY = YES_AGGRESSIVE;
				CLANG_WARN_UNREACHABLE_CODE = YES;
				CLANG_WARN__DUPLICATE_METHOD_MATCH = YES;
				CODE_SIGN_IDENTITY = "-";
				CODE_SIGN_STYLE = Automatic;
				COPY_HEADERS_RUN_UNIFDEF = YES;
				COPY_PHASE_STRIP = NO;
				DEBUG_INFORMATION_FORMAT = dwarf;
				DEVELOPMENT_TEAM = AP5B87D5Y6;
				ENABLE_STRICT_OBJC_MSGSEND = YES;
				ENABLE_TESTABILITY = YES;
				GCC_C_LANGUAGE_STANDARD = gnu11;
				GCC_DYNAMIC_NO_PIC = NO;
				GCC_NO_COMMON_BLOCKS = YES;
				GCC_OPTIMIZATION_LEVEL = 0;
				GCC_PREPROCESSOR_DEFINITIONS = (
					"DEBUG=1",
					"$(inherited)",
				);
				GCC_WARN_64_TO_32_BIT_CONVERSION = YES;
				GCC_WARN_ABOUT_RETURN_TYPE = YES_ERROR;
				GCC_WARN_UNDECLARED_SELECTOR = YES;
				GCC_WARN_UNINITIALIZED_AUTOS = YES_AGGRESSIVE;
				GCC_WARN_UNUSED_FUNCTION = YES;
				GCC_WARN_UNUSED_VARIABLE = YES;
				MACOSX_DEPLOYMENT_TARGET = 10.13;
				MTL_ENABLE_DEBUG_INFO = INCLUDE_SOURCE;
				MTL_FAST_MATH = YES;
				ONLY_ACTIVE_ARCH = YES;
				PRODUCT_NAME = "$(TARGET_NAME)";
				SCAN_ALL_SOURCE_FILES_FOR_INCLUDES = YES;
				SDKROOT = macosx;
			};
			name = Debug;
		};
		2225033E2659340800E24800 /* Release */ = {
			isa = XCBuildConfiguration;
			buildSettings = {
				ALWAYS_SEARCH_USER_PATHS = NO;
				CLANG_ANALYZER_NONNULL = YES;
				CLANG_ANALYZER_NUMBER_OBJECT_CONVERSION = YES_AGGRESSIVE;
				CLANG_CXX_LANGUAGE_STANDARD = "gnu++14";
				CLANG_CXX_LIBRARY = "libc++";
				CLANG_ENABLE_MODULES = YES;
				CLANG_ENABLE_OBJC_ARC = YES;
				CLANG_ENABLE_OBJC_WEAK = YES;
				CLANG_WARN_BLOCK_CAPTURE_AUTORELEASING = YES;
				CLANG_WARN_BOOL_CONVERSION = YES;
				CLANG_WARN_COMMA = YES;
				CLANG_WARN_CONSTANT_CONVERSION = YES;
				CLANG_WARN_DEPRECATED_OBJC_IMPLEMENTATIONS = YES;
				CLANG_WARN_DIRECT_OBJC_ISA_USAGE = YES_ERROR;
				CLANG_WARN_DOCUMENTATION_COMMENTS = YES;
				CLANG_WARN_EMPTY_BODY = YES;
				CLANG_WARN_ENUM_CONVERSION = YES;
				CLANG_WARN_INFINITE_RECURSION = YES;
				CLANG_WARN_INT_CONVERSION = YES;
				CLANG_WARN_NON_LITERAL_NULL_CONVERSION = YES;
				CLANG_WARN_OBJC_IMPLICIT_RETAIN_SELF = YES;
				CLANG_WARN_OBJC_LITERAL_CONVERSION = YES;
				CLANG_WARN_OBJC_ROOT_CLASS = YES_ERROR;
				CLANG_WARN_RANGE_LOOP_ANALYSIS = YES;
				CLANG_WARN_STRICT_PROTOTYPES = YES;
				CLANG_WARN_SUSPICIOUS_MOVE = YES;
				CLANG_WARN_UNGUARDED_AVAILABILITY = YES_AGGRESSIVE;
				CLANG_WARN_UNREACHABLE_CODE = YES;
				CLANG_WARN__DUPLICATE_METHOD_MATCH = YES;
				CODE_SIGN_IDENTITY = "-";
				CODE_SIGN_STYLE = Automatic;
				COPY_HEADERS_RUN_UNIFDEF = YES;
				COPY_PHASE_STRIP = NO;
				DEBUG_INFORMATION_FORMAT = "dwarf-with-dsym";
				DEVELOPMENT_TEAM = AP5B87D5Y6;
				ENABLE_NS_ASSERTIONS = NO;
				ENABLE_STRICT_OBJC_MSGSEND = YES;
				GCC_C_LANGUAGE_STANDARD = gnu11;
				GCC_NO_COMMON_BLOCKS = YES;
				GCC_WARN_64_TO_32_BIT_CONVERSION = YES;
				GCC_WARN_ABOUT_RETURN_TYPE = YES_ERROR;
				GCC_WARN_UNDECLARED_SELECTOR = YES;
				GCC_WARN_UNINITIALIZED_AUTOS = YES_AGGRESSIVE;
				GCC_WARN_UNUSED_FUNCTION = YES;
				GCC_WARN_UNUSED_VARIABLE = YES;
				MACOSX_DEPLOYMENT_TARGET = 10.13;
				MTL_ENABLE_DEBUG_INFO = NO;
				MTL_FAST_MATH = YES;
				PRODUCT_NAME = "$(TARGET_NAME)";
				SCAN_ALL_SOURCE_FILES_FOR_INCLUDES = YES;
				SDKROOT = macosx;
			};
			name = Release;
		};
		22892289260575DB00E9DCA3 /* Debug */ = {
			isa = XCBuildConfiguration;
			buildSettings = {
			};
			name = Debug;
		};
		2289228A260575DB00E9DCA3 /* Release */ = {
			isa = XCBuildConfiguration;
			buildSettings = {
			};
			name = Release;
		};
/* End XCBuildConfiguration section */

/* Begin XCConfigurationList section */
		22250333265933BF00E24800 /* Build configuration list for PBXNativeTarget "Bi3_Framework" */ = {
			isa = XCConfigurationList;
			buildConfigurations = (
				22250331265933BF00E24800 /* Debug */,
				22250332265933BF00E24800 /* Release */,
			);
			defaultConfigurationIsVisible = 0;
			defaultConfigurationName = Release;
		};
		2225033C2659340800E24800 /* Build configuration list for PBXNativeTarget "Bi3_demo" */ = {
			isa = XCConfigurationList;
			buildConfigurations = (
				2225033D2659340800E24800 /* Debug */,
				2225033E2659340800E24800 /* Release */,
			);
			defaultConfigurationIsVisible = 0;
			defaultConfigurationName = Release;
		};
		22892288260575DB00E9DCA3 /* Build configuration list for PBXProject "OpenBi3_Framework" */ = {
			isa = XCConfigurationList;
			buildConfigurations = (
				22892289260575DB00E9DCA3 /* Debug */,
				2289228A260575DB00E9DCA3 /* Release */,
			);
			defaultConfigurationIsVisible = 0;
			defaultConfigurationName = Release;
		};
/* End XCConfigurationList section */
	};
	rootObject = 22892285260575DB00E9DCA3 /* Project object */;
}
