// !$*UTF8*$!
{
	archiveVersion = 1;
	classes = {
	};
	objectVersion = 50;
	objects = {

/* Begin PBXFileReference section */
		2226E69926526F0500F81E32 /* bi3_adminTools.cpp */ = {isa = PBXFileReference; lastKnownFileType = sourcecode.cpp.cpp; path = bi3_adminTools.cpp; sourceTree = "<group>"; };
		2226E69A26526F0500F81E32 /* bi3_adminTools.hpp */ = {isa = PBXFileReference; lastKnownFileType = sourcecode.cpp.h; path = bi3_adminTools.hpp; sourceTree = "<group>"; };
		22358DC726058A5400507A8E /* BIM_objects.cpp */ = {isa = PBXFileReference; lastKnownFileType = sourcecode.cpp.cpp; path = BIM_objects.cpp; sourceTree = "<group>"; };
		22358DC826058A5400507A8E /* BIM_objects.hpp */ = {isa = PBXFileReference; lastKnownFileType = sourcecode.cpp.h; path = BIM_objects.hpp; sourceTree = "<group>"; };
		22358DC92605AE2200507A8E /* main.cpp */ = {isa = PBXFileReference; lastKnownFileType = sourcecode.cpp.cpp; path = main.cpp; sourceTree = "<group>"; };
		22358DCA2605AF4000507A8E /* bi3_framework.h */ = {isa = PBXFileReference; lastKnownFileType = sourcecode.c.h; path = bi3_framework.h; sourceTree = "<group>"; };
		22358DCB2605B26C00507A8E /* bi3_foundationCore.cpp */ = {isa = PBXFileReference; lastKnownFileType = sourcecode.cpp.cpp; path = bi3_foundationCore.cpp; sourceTree = "<group>"; };
		22358DCC2605B26C00507A8E /* bi3_foundationCore.hpp */ = {isa = PBXFileReference; lastKnownFileType = sourcecode.cpp.h; path = bi3_foundationCore.hpp; sourceTree = "<group>"; };
		22358DCE2605BD7300507A8E /* bi3_dataSets.cpp */ = {isa = PBXFileReference; lastKnownFileType = sourcecode.cpp.cpp; path = bi3_dataSets.cpp; sourceTree = "<group>"; };
		22358DCF2605BD7300507A8E /* bi3_dataSets.hpp */ = {isa = PBXFileReference; lastKnownFileType = sourcecode.cpp.h; path = bi3_dataSets.hpp; sourceTree = "<group>"; };
		22358DD02605DAFF00507A8E /* bi3_dataTypes.cpp */ = {isa = PBXFileReference; lastKnownFileType = sourcecode.cpp.cpp; path = bi3_dataTypes.cpp; sourceTree = "<group>"; };
		22358DD12605DAFF00507A8E /* bi3_dataTypes.hpp */ = {isa = PBXFileReference; lastKnownFileType = sourcecode.cpp.h; path = bi3_dataTypes.hpp; sourceTree = "<group>"; };
		2289228C2605773F00E9DCA3 /* bi3_BIMlibrary.cpp */ = {isa = PBXFileReference; lastKnownFileType = sourcecode.cpp.cpp; path = bi3_BIMlibrary.cpp; sourceTree = "<group>"; };
		2289228D2605773F00E9DCA3 /* bi3_BIMlibrary.hpp */ = {isa = PBXFileReference; lastKnownFileType = sourcecode.cpp.h; path = bi3_BIMlibrary.hpp; sourceTree = "<group>"; };
		22892292260578A700E9DCA3 /* bi3_dataComms.cpp */ = {isa = PBXFileReference; lastKnownFileType = sourcecode.cpp.cpp; path = bi3_dataComms.cpp; sourceTree = "<group>"; };
		22892293260578A700E9DCA3 /* bi3_dataComms.hpp */ = {isa = PBXFileReference; lastKnownFileType = sourcecode.cpp.h; path = bi3_dataComms.hpp; sourceTree = "<group>"; };
		2289229526057BE000E9DCA3 /* bi3_dataCapture.cpp */ = {isa = PBXFileReference; lastKnownFileType = sourcecode.cpp.cpp; path = bi3_dataCapture.cpp; sourceTree = "<group>"; };
		2289229626057BE000E9DCA3 /* bi3_dataCapture.hpp */ = {isa = PBXFileReference; lastKnownFileType = sourcecode.cpp.h; path = bi3_dataCapture.hpp; sourceTree = "<group>"; };
		2289229726057D9F00E9DCA3 /* bi3_dataControl.cpp */ = {isa = PBXFileReference; lastKnownFileType = sourcecode.cpp.cpp; path = bi3_dataControl.cpp; sourceTree = "<group>"; };
		2289229826057D9F00E9DCA3 /* bi3_dataControl.hpp */ = {isa = PBXFileReference; lastKnownFileType = sourcecode.cpp.h; path = bi3_dataControl.hpp; sourceTree = "<group>"; };
		2289229926057E1C00E9DCA3 /* bi3_dataAccess.cpp */ = {isa = PBXFileReference; lastKnownFileType = sourcecode.cpp.cpp; path = bi3_dataAccess.cpp; sourceTree = "<group>"; };
		2289229A26057E1C00E9DCA3 /* bi3_dataAccess.hpp */ = {isa = PBXFileReference; lastKnownFileType = sourcecode.cpp.h; path = bi3_dataAccess.hpp; sourceTree = "<group>"; };
		228D8CAD264C8328008EC6CD /* bi3_dataNumbers.cpp */ = {isa = PBXFileReference; lastKnownFileType = sourcecode.cpp.cpp; path = bi3_dataNumbers.cpp; sourceTree = "<group>"; };
		228D8CAE264C8328008EC6CD /* bi3_dataNumbers.hpp */ = {isa = PBXFileReference; lastKnownFileType = sourcecode.cpp.h; path = bi3_dataNumbers.hpp; sourceTree = "<group>"; };
		228D8CAF264C85D9008EC6CD /* bi3_dataTexts.cpp */ = {isa = PBXFileReference; lastKnownFileType = sourcecode.cpp.cpp; path = bi3_dataTexts.cpp; sourceTree = "<group>"; };
		228D8CB0264C85D9008EC6CD /* bi3_dataTexts.hpp */ = {isa = PBXFileReference; lastKnownFileType = sourcecode.cpp.h; path = bi3_dataTexts.hpp; sourceTree = "<group>"; };
		228D8CB1264C86FB008EC6CD /* bi3_dataTimes.cpp */ = {isa = PBXFileReference; lastKnownFileType = sourcecode.cpp.cpp; path = bi3_dataTimes.cpp; sourceTree = "<group>"; };
		228D8CB2264C86FB008EC6CD /* bi3_dataTimes.hpp */ = {isa = PBXFileReference; lastKnownFileType = sourcecode.cpp.h; path = bi3_dataTimes.hpp; sourceTree = "<group>"; };
		228D8CB3264C8EFC008EC6CD /* bi3_dataMaths.cpp */ = {isa = PBXFileReference; lastKnownFileType = sourcecode.cpp.cpp; path = bi3_dataMaths.cpp; sourceTree = "<group>"; };
		228D8CB4264C8EFC008EC6CD /* bi3_dataMaths.hpp */ = {isa = PBXFileReference; lastKnownFileType = sourcecode.cpp.h; path = bi3_dataMaths.hpp; sourceTree = "<group>"; };
		228D8CB5264CD6D9008EC6CD /* bi3_dataLogics.cpp */ = {isa = PBXFileReference; lastKnownFileType = sourcecode.cpp.cpp; path = bi3_dataLogics.cpp; sourceTree = "<group>"; };
		228D8CB6264CD6D9008EC6CD /* bi3_dataLogics.hpp */ = {isa = PBXFileReference; lastKnownFileType = sourcecode.cpp.h; path = bi3_dataLogics.hpp; sourceTree = "<group>"; };
/* End PBXFileReference section */

/* Begin PBXGroup section */
		22358DCD2605BCF900507A8E /* Data_types */ = {
			isa = PBXGroup;
			children = (
				22358DD12605DAFF00507A8E /* bi3_dataTypes.hpp */,
				228D8CAE264C8328008EC6CD /* bi3_dataNumbers.hpp */,
				228D8CB4264C8EFC008EC6CD /* bi3_dataMaths.hpp */,
				228D8CB6264CD6D9008EC6CD /* bi3_dataLogics.hpp */,
				228D8CB0264C85D9008EC6CD /* bi3_dataTexts.hpp */,
				228D8CB2264C86FB008EC6CD /* bi3_dataTimes.hpp */,
				22358DCF2605BD7300507A8E /* bi3_dataSets.hpp */,
			);
			path = Data_types;
			sourceTree = "<group>";
		};
		22892284260575DB00E9DCA3 = {
			isa = PBXGroup;
			children = (
				22358DC92605AE2200507A8E /* main.cpp */,
				22358DCA2605AF4000507A8E /* bi3_framework.h */,
				22892291260577A000E9DCA3 /* bi3_accessInterface */,
				228922902605778100E9DCA3 /* bi3_monitorsModule */,
				2289228F2605776A00E9DCA3 /* bi3_trackersModule */,
				2289228E2605774A00E9DCA3 /* bi3_servicesModule */,
				2289228B260576E600E9DCA3 /* bi3_foundationCore */,
			);
			sourceTree = "<group>";
		};
		2289228B260576E600E9DCA3 /* bi3_foundationCore */ = {
			isa = PBXGroup;
			children = (
				228D8CA7264C814E008EC6CD /* src_FC */,
				228D8CAC264C820A008EC6CD /* Admin_tools */,
				22358DCD2605BCF900507A8E /* Data_types */,
				22892294260578C100E9DCA3 /* BIM_library */,
				22358DCC2605B26C00507A8E /* bi3_foundationCore.hpp */,
			);
			path = bi3_foundationCore;
			sourceTree = "<group>";
		};
		2289228E2605774A00E9DCA3 /* bi3_servicesModule */ = {
			isa = PBXGroup;
			children = (
				228D8CAB264C81C9008EC6CD /* src_SM */,
				22892293260578A700E9DCA3 /* bi3_dataComms.hpp */,
			);
			path = bi3_servicesModule;
			sourceTree = "<group>";
		};
		2289228F2605776A00E9DCA3 /* bi3_trackersModule */ = {
			isa = PBXGroup;
			children = (
				228D8CAA264C81B8008EC6CD /* src_TM */,
				2289229626057BE000E9DCA3 /* bi3_dataCapture.hpp */,
			);
			path = bi3_trackersModule;
			sourceTree = "<group>";
		};
		228922902605778100E9DCA3 /* bi3_monitorsModule */ = {
			isa = PBXGroup;
			children = (
				228D8CA9264C81A6008EC6CD /* src_MM */,
				2289229826057D9F00E9DCA3 /* bi3_dataControl.hpp */,
			);
			path = bi3_monitorsModule;
			sourceTree = "<group>";
		};
		22892291260577A000E9DCA3 /* bi3_accessInterface */ = {
			isa = PBXGroup;
			children = (
				228D8CA8264C818D008EC6CD /* src_AI */,
				2289229A26057E1C00E9DCA3 /* bi3_dataAccess.hpp */,
			);
			path = bi3_accessInterface;
			sourceTree = "<group>";
		};
		22892294260578C100E9DCA3 /* BIM_library */ = {
			isa = PBXGroup;
			children = (
				2289228D2605773F00E9DCA3 /* bi3_BIMlibrary.hpp */,
				22358DC826058A5400507A8E /* BIM_objects.hpp */,
			);
			path = BIM_library;
			sourceTree = "<group>";
		};
		228D8CA7264C814E008EC6CD /* src_FC */ = {
			isa = PBXGroup;
			children = (
				22358DCB2605B26C00507A8E /* bi3_foundationCore.cpp */,
				2226E69926526F0500F81E32 /* bi3_adminTools.cpp */,
				228D8CAD264C8328008EC6CD /* bi3_dataNumbers.cpp */,
				228D8CB3264C8EFC008EC6CD /* bi3_dataMaths.cpp */,
				228D8CB5264CD6D9008EC6CD /* bi3_dataLogics.cpp */,
				228D8CAF264C85D9008EC6CD /* bi3_dataTexts.cpp */,
				228D8CB1264C86FB008EC6CD /* bi3_dataTimes.cpp */,
				22358DCE2605BD7300507A8E /* bi3_dataSets.cpp */,
				22358DC726058A5400507A8E /* BIM_objects.cpp */,
				22358DD02605DAFF00507A8E /* bi3_dataTypes.cpp */,
				2289228C2605773F00E9DCA3 /* bi3_BIMlibrary.cpp */,
			);
			path = src_FC;
			sourceTree = "<group>";
		};
		228D8CA8264C818D008EC6CD /* src_AI */ = {
			isa = PBXGroup;
			children = (
				2289229926057E1C00E9DCA3 /* bi3_dataAccess.cpp */,
			);
			path = src_AI;
			sourceTree = "<group>";
		};
		228D8CA9264C81A6008EC6CD /* src_MM */ = {
			isa = PBXGroup;
			children = (
				2289229726057D9F00E9DCA3 /* bi3_dataControl.cpp */,
			);
			path = src_MM;
			sourceTree = "<group>";
		};
		228D8CAA264C81B8008EC6CD /* src_TM */ = {
			isa = PBXGroup;
			children = (
				2289229526057BE000E9DCA3 /* bi3_dataCapture.cpp */,
			);
			path = src_TM;
			sourceTree = "<group>";
		};
		228D8CAB264C81C9008EC6CD /* src_SM */ = {
			isa = PBXGroup;
			children = (
				22892292260578A700E9DCA3 /* bi3_dataComms.cpp */,
			);
			path = src_SM;
			sourceTree = "<group>";
		};
		228D8CAC264C820A008EC6CD /* Admin_tools */ = {
			isa = PBXGroup;
			children = (
				2226E69A26526F0500F81E32 /* bi3_adminTools.hpp */,
			);
			path = Admin_tools;
			sourceTree = "<group>";
		};
/* End PBXGroup section */

/* Begin PBXProject section */
		22892285260575DB00E9DCA3 /* Project object */ = {
			isa = PBXProject;
			attributes = {
				LastSwiftUpdateCheck = 1030;
				LastUpgradeCheck = 1030;
			};
			buildConfigurationList = 22892288260575DB00E9DCA3 /* Build configuration list for PBXProject "OpenBi3_Framework" */;
			compatibilityVersion = "Xcode 9.3";
			developmentRegion = en;
			hasScannedForEncodings = 0;
			knownRegions = (
				en,
				Base,
			);
			mainGroup = 22892284260575DB00E9DCA3;
			productRefGroup = 22892284260575DB00E9DCA3;
			projectDirPath = "";
			projectRoot = "";
			targets = (
			);
		};
/* End PBXProject section */

/* Begin XCBuildConfiguration section */
		22892289260575DB00E9DCA3 /* Debug */ = {
			isa = XCBuildConfiguration;
			buildSettings = {
			};
			name = Debug;
		};
		2289228A260575DB00E9DCA3 /* Release */ = {
			isa = XCBuildConfiguration;
			buildSettings = {
			};
			name = Release;
		};
/* End XCBuildConfiguration section */

/* Begin XCConfigurationList section */
		22892288260575DB00E9DCA3 /* Build configuration list for PBXProject "OpenBi3_Framework" */ = {
			isa = XCConfigurationList;
			buildConfigurations = (
				22892289260575DB00E9DCA3 /* Debug */,
				2289228A260575DB00E9DCA3 /* Release */,
			);
			defaultConfigurationIsVisible = 0;
			defaultConfigurationName = Release;
		};
/* End XCConfigurationList section */
	};
	rootObject = 22892285260575DB00E9DCA3 /* Project object */;
}
